
Microsoft Visual Studio Solution File, Format Version 12.00
# Visual Studio Version 17
VisualStudioVersion = 17.6.33829.357
MinimumVisualStudioVersion = 10.0.40219.1
Project("{FAE04EC0-301F-11D3-BF4B-00C04F79EFBC}") = "calculadora-simples", "calculadora-simples.csproj", "{C1BAE71F-7AF5-4684-B2E0-4FCC1F9190EE}"
EndProject
Global
	GlobalSection(SolutionConfigurationPlatforms) = preSolution
		Debug|Any CPU = Debug|Any CPU
		Release|Any CPU = Release|Any CPU
	EndGlobalSection
	GlobalSection(ProjectConfigurationPlatforms) = postSolution
		{C1BAE71F-7AF5-4684-B2E0-4FCC1F9190EE}.Debug|Any CPU.ActiveCfg = Debug|Any CPU
		{C1BAE71F-7AF5-4684-B2E0-4FCC1F9190EE}.Debug|Any CPU.Build.0 = Debug|Any CPU
		{C1BAE71F-7AF5-4684-B2E0-4FCC1F9190EE}.Release|Any CPU.ActiveCfg = Release|Any CPU
		{C1BAE71F-7AF5-4684-B2E0-4FCC1F9190EE}.Release|Any CPU.Build.0 = Release|Any CPU
	EndGlobalSection
	GlobalSection(SolutionProperties) = preSolution
		HideSolutionNode = FALSE
	EndGlobalSection
	GlobalSection(ExtensibilityGlobals) = postSolution
		SolutionGuid = {0D3427CF-593E-4517-A6F3-26C62F5C5E6F}
	EndGlobalSection
EndGlobal
